
Microsoft Visual Studio Solution File, Format Version 12.00
# Visual Studio Version 16
VisualStudioVersion = 16.0.30002.166
MinimumVisualStudioVersion = 10.0.40219.1
Project("{FAE04EC0-301F-11D3-BF4B-00C04F79EFBC}") = "ExtractDBDataToExcel", "ExtractDBDataToExcel\ExtractDBDataToExcel.csproj", "{2FD0B99A-8E1D-4145-8BCD-EAFFD79D2C78}"
EndProject
Global
	GlobalSection(SolutionConfigurationPlatforms) = preSolution
		Debug|Any CPU = Debug|Any CPU
		Release|Any CPU = Release|Any CPU
	EndGlobalSection
	GlobalSection(ProjectConfigurationPlatforms) = postSolution
		{2FD0B99A-8E1D-4145-8BCD-EAFFD79D2C78}.Debug|Any CPU.ActiveCfg = Debug|Any CPU
		{2FD0B99A-8E1D-4145-8BCD-EAFFD79D2C78}.Debug|Any CPU.Build.0 = Debug|Any CPU
		{2FD0B99A-8E1D-4145-8BCD-EAFFD79D2C78}.Release|Any CPU.ActiveCfg = Release|Any CPU
		{2FD0B99A-8E1D-4145-8BCD-EAFFD79D2C78}.Release|Any CPU.Build.0 = Release|Any CPU
	EndGlobalSection
	GlobalSection(SolutionProperties) = preSolution
		HideSolutionNode = FALSE
	EndGlobalSection
	GlobalSection(ExtensibilityGlobals) = postSolution
		SolutionGuid = {B60DA6A6-7A84-41E4-ADCC-5F140C2DBA71}
	EndGlobalSection
EndGlobal
